{
  "pins" : [
    {
      "identity" : "messagepack",
      "kind" : "remoteSourceControl",
      "location" : "https://github.com/Flight-School/MessagePack.git",
      "state" : {
        "revision" : "bbc5ab6362db234f2051e73e67296ebf5c3d2042",
        "version" : "1.2.4"
      }
    },
    {
      "identity" : "messagepacker",
      "kind" : "remoteSourceControl",
      "location" : "https://github.com/hirotakan/MessagePacker.git",
      "state" : {
        "revision" : "4d8346c6bc579347e4df0429493760691c5aeca2",
        "version" : "0.4.7"
      }
    },
    {
      "identity" : "messagepackreferenceimplementation",
      "kind" : "remoteSourceControl",
      "location" : "https://github.com/fumoboy007/MessagePackReferenceImplementation.git",
      "state" : {
        "revision" : "6dea7c839bfb5502d7fb67c32d0d7300ec836b62",
        "version" : "1.0.1"
      }
    },
    {
      "identity" : "swift-docc-plugin",
      "kind" : "remoteSourceControl",
      "location" : "https://github.com/apple/swift-docc-plugin",
      "state" : {
        "revision" : "26ac5758409154cc448d7ab82389c520fa8a8247",
        "version" : "1.3.0"
      }
    },
    {
      "identity" : "swift-docc-symbolkit",
      "kind" : "remoteSourceControl",
      "location" : "https://github.com/apple/swift-docc-symbolkit",
      "state" : {
        "revision" : "b45d1f2ed151d057b54504d653e0da5552844e34",
        "version" : "1.0.0"
      }
    },
    {
      "identity" : "swift-log",
      "kind" : "remoteSourceControl",
      "location" : "https://github.com/apple/swift-log.git",
      "state" : {
        "revision" : "532d8b529501fb73a2455b179e0bbb6d49b652ed",
        "version" : "1.5.3"
      }
    },
    {
      "identity" : "swift-msgpack",
      "kind" : "remoteSourceControl",
      "location" : "https://github.com/nnabeyang/swift-msgpack.git",
      "state" : {
        "revision" : "232d1d713a0e97e9c2706ffeedeb92ed4ecd0b38",
        "version" : "0.2.7"
      }
    }
  ],
  "version" : 2
}
